
Microsoft Visual Studio Solution File, Format Version 12.00
# Visual Studio Version 16
VisualStudioVersion = 16.0.29509.3
MinimumVisualStudioVersion = 10.0.40219.1
Project("{FAE04EC0-301F-11D3-BF4B-00C04F79EFBC}") = "Hostel", "Hostel\Hostel.csproj", "{25EDC932-2E61-4C70-83D1-200A58C387C1}"
EndProject
Global
	GlobalSection(SolutionConfigurationPlatforms) = preSolution
		Debug|Any CPU = Debug|Any CPU
		Release|Any CPU = Release|Any CPU
	EndGlobalSection
	GlobalSection(ProjectConfigurationPlatforms) = postSolution
		{25EDC932-2E61-4C70-83D1-200A58C387C1}.Debug|Any CPU.ActiveCfg = Debug|Any CPU
		{25EDC932-2E61-4C70-83D1-200A58C387C1}.Debug|Any CPU.Build.0 = Debug|Any CPU
		{25EDC932-2E61-4C70-83D1-200A58C387C1}.Release|Any CPU.ActiveCfg = Release|Any CPU
		{25EDC932-2E61-4C70-83D1-200A58C387C1}.Release|Any CPU.Build.0 = Release|Any CPU
	EndGlobalSection
	GlobalSection(SolutionProperties) = preSolution
		HideSolutionNode = FALSE
	EndGlobalSection
	GlobalSection(ExtensibilityGlobals) = postSolution
		SolutionGuid = {C216042B-1634-4400-BB3D-AD696FDDB527}
	EndGlobalSection
EndGlobal
